
Microsoft Visual Studio Solution File, Format Version 12.00
# Visual Studio Version 16
VisualStudioVersion = 16.0.30002.166
MinimumVisualStudioVersion = 10.0.40219.1
Project("{FAE04EC0-301F-11D3-BF4B-00C04F79EFBC}") = "File_Counter", "File_Counter\File_Counter.csproj", "{1446B431-43B5-41D2-B546-305D925CF32B}"
EndProject
Global
	GlobalSection(SolutionConfigurationPlatforms) = preSolution
		Debug|Any CPU = Debug|Any CPU
		Release|Any CPU = Release|Any CPU
	EndGlobalSection
	GlobalSection(ProjectConfigurationPlatforms) = postSolution
		{1446B431-43B5-41D2-B546-305D925CF32B}.Debug|Any CPU.ActiveCfg = Debug|Any CPU
		{1446B431-43B5-41D2-B546-305D925CF32B}.Debug|Any CPU.Build.0 = Debug|Any CPU
		{1446B431-43B5-41D2-B546-305D925CF32B}.Release|Any CPU.ActiveCfg = Release|Any CPU
		{1446B431-43B5-41D2-B546-305D925CF32B}.Release|Any CPU.Build.0 = Release|Any CPU
	EndGlobalSection
	GlobalSection(SolutionProperties) = preSolution
		HideSolutionNode = FALSE
	EndGlobalSection
	GlobalSection(ExtensibilityGlobals) = postSolution
		SolutionGuid = {2671AF0B-EEDB-4E23-85AD-668C6E91F29F}
	EndGlobalSection
EndGlobal
